// !$*UTF8*$!
{
	archiveVersion = 1;
	classes = {
	};
	objectVersion = 50;
	objects = {

/* Begin PBXBuildFile section */
		D334B0F222CD059600EEB0B2 /* QuestionStrategy.swift in Sources */ = {isa = PBXBuildFile; fileRef = D334B0F122CD059600EEB0B2 /* QuestionStrategy.swift */; };
		D334B0F422CD061700EEB0B2 /* SequentialQuestionStrategy.swift in Sources */ = {isa = PBXBuildFile; fileRef = D334B0F322CD061700EEB0B2 /* SequentialQuestionStrategy.swift */; };
		D334B0F622CD06DA00EEB0B2 /* RandomQuestionStrategy.swift in Sources */ = {isa = PBXBuildFile; fileRef = D334B0F522CD06DA00EEB0B2 /* RandomQuestionStrategy.swift */; };
		D374D64222CA107A00ACFF81 /* AppDelegate.swift in Sources */ = {isa = PBXBuildFile; fileRef = D374D64122CA107A00ACFF81 /* AppDelegate.swift */; };
		D374D64422CA107A00ACFF81 /* QuestionViewController.swift in Sources */ = {isa = PBXBuildFile; fileRef = D374D64322CA107A00ACFF81 /* QuestionViewController.swift */; };
		D374D64722CA107A00ACFF81 /* Main.storyboard in Resources */ = {isa = PBXBuildFile; fileRef = D374D64522CA107A00ACFF81 /* Main.storyboard */; };
		D374D65922CA116D00ACFF81 /* Question.swift in Sources */ = {isa = PBXBuildFile; fileRef = D374D65822CA116D00ACFF81 /* Question.swift */; };
		D374D65B22CA119700ACFF81 /* QuestionGroup.swift in Sources */ = {isa = PBXBuildFile; fileRef = D374D65A22CA119700ACFF81 /* QuestionGroup.swift */; };
		D374D65D22CA11E400ACFF81 /* QuestionGroupData.swift in Sources */ = {isa = PBXBuildFile; fileRef = D374D65C22CA11E400ACFF81 /* QuestionGroupData.swift */; };
		D374D65F22CA124100ACFF81 /* Assets.xcassets in Resources */ = {isa = PBXBuildFile; fileRef = D374D65E22CA124100ACFF81 /* Assets.xcassets */; };
		D374D66122CA126400ACFF81 /* LaunchScreen.storyboard in Resources */ = {isa = PBXBuildFile; fileRef = D374D66022CA126400ACFF81 /* LaunchScreen.storyboard */; };
		D374D66322CA12E100ACFF81 /* QuestionView.swift in Sources */ = {isa = PBXBuildFile; fileRef = D374D66222CA12E100ACFF81 /* QuestionView.swift */; };
		D3B98BD422CBA057007EE416 /* SelectQuestionGroupViewController.swift in Sources */ = {isa = PBXBuildFile; fileRef = D3B98BD322CBA057007EE416 /* SelectQuestionGroupViewController.swift */; };
		D3B98BD622CBA158007EE416 /* QuestionGroupTableViewCell.swift in Sources */ = {isa = PBXBuildFile; fileRef = D3B98BD522CBA158007EE416 /* QuestionGroupTableViewCell.swift */; };
/* End PBXBuildFile section */

/* Begin PBXFileReference section */
		D334B0F122CD059600EEB0B2 /* QuestionStrategy.swift */ = {isa = PBXFileReference; lastKnownFileType = sourcecode.swift; path = QuestionStrategy.swift; sourceTree = "<group>"; };
		D334B0F322CD061700EEB0B2 /* SequentialQuestionStrategy.swift */ = {isa = PBXFileReference; lastKnownFileType = sourcecode.swift; path = SequentialQuestionStrategy.swift; sourceTree = "<group>"; };
		D334B0F522CD06DA00EEB0B2 /* RandomQuestionStrategy.swift */ = {isa = PBXFileReference; lastKnownFileType = sourcecode.swift; path = RandomQuestionStrategy.swift; sourceTree = "<group>"; };
		D374D63E22CA107A00ACFF81 /* RabbleWabble.app */ = {isa = PBXFileReference; explicitFileType = wrapper.application; includeInIndex = 0; path = RabbleWabble.app; sourceTree = BUILT_PRODUCTS_DIR; };
		D374D64122CA107A00ACFF81 /* AppDelegate.swift */ = {isa = PBXFileReference; lastKnownFileType = sourcecode.swift; path = AppDelegate.swift; sourceTree = "<group>"; };
		D374D64322CA107A00ACFF81 /* QuestionViewController.swift */ = {isa = PBXFileReference; lastKnownFileType = sourcecode.swift; path = QuestionViewController.swift; sourceTree = "<group>"; };
		D374D64622CA107A00ACFF81 /* Base */ = {isa = PBXFileReference; lastKnownFileType = file.storyboard; name = Base; path = Base.lproj/Main.storyboard; sourceTree = "<group>"; };
		D374D64D22CA107B00ACFF81 /* Info.plist */ = {isa = PBXFileReference; lastKnownFileType = text.plist.xml; path = Info.plist; sourceTree = "<group>"; };
		D374D65822CA116D00ACFF81 /* Question.swift */ = {isa = PBXFileReference; lastKnownFileType = sourcecode.swift; path = Question.swift; sourceTree = "<group>"; };
		D374D65A22CA119700ACFF81 /* QuestionGroup.swift */ = {isa = PBXFileReference; lastKnownFileType = sourcecode.swift; path = QuestionGroup.swift; sourceTree = "<group>"; };
		D374D65C22CA11E400ACFF81 /* QuestionGroupData.swift */ = {isa = PBXFileReference; fileEncoding = 4; lastKnownFileType = sourcecode.swift; path = QuestionGroupData.swift; sourceTree = "<group>"; };
		D374D65E22CA124100ACFF81 /* Assets.xcassets */ = {isa = PBXFileReference; lastKnownFileType = folder.assetcatalog; path = Assets.xcassets; sourceTree = "<group>"; };
		D374D66022CA126400ACFF81 /* LaunchScreen.storyboard */ = {isa = PBXFileReference; fileEncoding = 4; lastKnownFileType = file.storyboard; path = LaunchScreen.storyboard; sourceTree = "<group>"; };
		D374D66222CA12E100ACFF81 /* QuestionView.swift */ = {isa = PBXFileReference; lastKnownFileType = sourcecode.swift; path = QuestionView.swift; sourceTree = "<group>"; };
		D3B98BD322CBA057007EE416 /* SelectQuestionGroupViewController.swift */ = {isa = PBXFileReference; lastKnownFileType = sourcecode.swift; path = SelectQuestionGroupViewController.swift; sourceTree = "<group>"; };
		D3B98BD522CBA158007EE416 /* QuestionGroupTableViewCell.swift */ = {isa = PBXFileReference; lastKnownFileType = sourcecode.swift; path = QuestionGroupTableViewCell.swift; sourceTree = "<group>"; };
/* End PBXFileReference section */

/* Begin PBXFrameworksBuildPhase section */
		D374D63B22CA107A00ACFF81 /* Frameworks */ = {
			isa = PBXFrameworksBuildPhase;
			buildActionMask = 2147483647;
			files = (
			);
			runOnlyForDeploymentPostprocessing = 0;
		};
/* End PBXFrameworksBuildPhase section */

/* Begin PBXGroup section */
		D334B0F022CD057500EEB0B2 /* Strategies */ = {
			isa = PBXGroup;
			children = (
				D334B0F122CD059600EEB0B2 /* QuestionStrategy.swift */,
				D334B0F322CD061700EEB0B2 /* SequentialQuestionStrategy.swift */,
				D334B0F522CD06DA00EEB0B2 /* RandomQuestionStrategy.swift */,
			);
			path = Strategies;
			sourceTree = "<group>";
		};
		D374D63522CA107A00ACFF81 = {
			isa = PBXGroup;
			children = (
				D374D64022CA107A00ACFF81 /* RabbleWabble */,
				D374D63F22CA107A00ACFF81 /* Products */,
			);
			sourceTree = "<group>";
		};
		D374D63F22CA107A00ACFF81 /* Products */ = {
			isa = PBXGroup;
			children = (
				D374D63E22CA107A00ACFF81 /* RabbleWabble.app */,
			);
			name = Products;
			sourceTree = "<group>";
		};
		D374D64022CA107A00ACFF81 /* RabbleWabble */ = {
			isa = PBXGroup;
			children = (
				D374D65322CA10DC00ACFF81 /* AppDelegate */,
				D374D65422CA10F600ACFF81 /* Controllers */,
				D374D65522CA10FF00ACFF81 /* Models */,
				D374D65722CA110700ACFF81 /* Resources */,
				D334B0F022CD057500EEB0B2 /* Strategies */,
				D374D65622CA110300ACFF81 /* Views */,
			);
			path = RabbleWabble;
			sourceTree = "<group>";
		};
		D374D65322CA10DC00ACFF81 /* AppDelegate */ = {
			isa = PBXGroup;
			children = (
				D374D64122CA107A00ACFF81 /* AppDelegate.swift */,
			);
			path = AppDelegate;
			sourceTree = "<group>";
		};
		D374D65422CA10F600ACFF81 /* Controllers */ = {
			isa = PBXGroup;
			children = (
				D374D64322CA107A00ACFF81 /* QuestionViewController.swift */,
				D3B98BD322CBA057007EE416 /* SelectQuestionGroupViewController.swift */,
			);
			path = Controllers;
			sourceTree = "<group>";
		};
		D374D65522CA10FF00ACFF81 /* Models */ = {
			isa = PBXGroup;
			children = (
				D374D65822CA116D00ACFF81 /* Question.swift */,
				D374D65A22CA119700ACFF81 /* QuestionGroup.swift */,
				D374D65C22CA11E400ACFF81 /* QuestionGroupData.swift */,
			);
			path = Models;
			sourceTree = "<group>";
		};
		D374D65622CA110300ACFF81 /* Views */ = {
			isa = PBXGroup;
			children = (
				D374D66022CA126400ACFF81 /* LaunchScreen.storyboard */,
				D374D64522CA107A00ACFF81 /* Main.storyboard */,
				D374D66222CA12E100ACFF81 /* QuestionView.swift */,
				D3B98BD522CBA158007EE416 /* QuestionGroupTableViewCell.swift */,
			);
			path = Views;
			sourceTree = "<group>";
		};
		D374D65722CA110700ACFF81 /* Resources */ = {
			isa = PBXGroup;
			children = (
				D374D65E22CA124100ACFF81 /* Assets.xcassets */,
				D374D64D22CA107B00ACFF81 /* Info.plist */,
			);
			path = Resources;
			sourceTree = "<group>";
		};
/* End PBXGroup section */

/* Begin PBXNativeTarget section */
		D374D63D22CA107A00ACFF81 /* RabbleWabble */ = {
			isa = PBXNativeTarget;
			buildConfigurationList = D374D65022CA107B00ACFF81 /* Build configuration list for PBXNativeTarget "RabbleWabble" */;
			buildPhases = (
				D374D63A22CA107A00ACFF81 /* Sources */,
				D374D63B22CA107A00ACFF81 /* Frameworks */,
				D374D63C22CA107A00ACFF81 /* Resources */,
			);
			buildRules = (
			);
			dependencies = (
			);
			name = RabbleWabble;
			productName = RabbleWabble;
			productReference = D374D63E22CA107A00ACFF81 /* RabbleWabble.app */;
			productType = "com.apple.product-type.application";
		};
/* End PBXNativeTarget section */

/* Begin PBXProject section */
		D374D63622CA107A00ACFF81 /* Project object */ = {
			isa = PBXProject;
			attributes = {
				LastSwiftUpdateCheck = 1020;
				LastUpgradeCheck = 1020;
				ORGANIZATIONNAME = Weslie;
				TargetAttributes = {
					D374D63D22CA107A00ACFF81 = {
						CreatedOnToolsVersion = 10.2.1;
					};
				};
			};
			buildConfigurationList = D374D63922CA107A00ACFF81 /* Build configuration list for PBXProject "RabbleWabble" */;
			compatibilityVersion = "Xcode 9.3";
			developmentRegion = en;
			hasScannedForEncodings = 0;
			knownRegions = (
				en,
				Base,
			);
			mainGroup = D374D63522CA107A00ACFF81;
			productRefGroup = D374D63F22CA107A00ACFF81 /* Products */;
			projectDirPath = "";
			projectRoot = "";
			targets = (
				D374D63D22CA107A00ACFF81 /* RabbleWabble */,
			);
		};
/* End PBXProject section */

/* Begin PBXResourcesBuildPhase section */
		D374D63C22CA107A00ACFF81 /* Resources */ = {
			isa = PBXResourcesBuildPhase;
			buildActionMask = 2147483647;
			files = (
				D374D66122CA126400ACFF81 /* LaunchScreen.storyboard in Resources */,
				D374D65F22CA124100ACFF81 /* Assets.xcassets in Resources */,
				D374D64722CA107A00ACFF81 /* Main.storyboard in Resources */,
			);
			runOnlyForDeploymentPostprocessing = 0;
		};
/* End PBXResourcesBuildPhase section */

/* Begin PBXSourcesBuildPhase section */
		D374D63A22CA107A00ACFF81 /* Sources */ = {
			isa = PBXSourcesBuildPhase;
			buildActionMask = 2147483647;
			files = (
				D334B0F422CD061700EEB0B2 /* SequentialQuestionStrategy.swift in Sources */,
				D374D65922CA116D00ACFF81 /* Question.swift in Sources */,
				D374D64422CA107A00ACFF81 /* QuestionViewController.swift in Sources */,
				D334B0F622CD06DA00EEB0B2 /* RandomQuestionStrategy.swift in Sources */,
				D374D64222CA107A00ACFF81 /* AppDelegate.swift in Sources */,
				D374D65B22CA119700ACFF81 /* QuestionGroup.swift in Sources */,
				D374D66322CA12E100ACFF81 /* QuestionView.swift in Sources */,
				D374D65D22CA11E400ACFF81 /* QuestionGroupData.swift in Sources */,
				D3B98BD622CBA158007EE416 /* QuestionGroupTableViewCell.swift in Sources */,
				D334B0F222CD059600EEB0B2 /* QuestionStrategy.swift in Sources */,
				D3B98BD422CBA057007EE416 /* SelectQuestionGroupViewController.swift in Sources */,
			);
			runOnlyForDeploymentPostprocessing = 0;
		};
/* End PBXSourcesBuildPhase section */

/* Begin PBXVariantGroup section */
		D374D64522CA107A00ACFF81 /* Main.storyboard */ = {
			isa = PBXVariantGroup;
			children = (
				D374D64622CA107A00ACFF81 /* Base */,
			);
			name = Main.storyboard;
			sourceTree = "<group>";
		};
/* End PBXVariantGroup section */

/* Begin XCBuildConfiguration section */
		D374D64E22CA107B00ACFF81 /* Debug */ = {
			isa = XCBuildConfiguration;
			buildSettings = {
				ALWAYS_SEARCH_USER_PATHS = NO;
				CLANG_ANALYZER_NONNULL = YES;
				CLANG_ANALYZER_NUMBER_OBJECT_CONVERSION = YES_AGGRESSIVE;
				CLANG_CXX_LANGUAGE_STANDARD = "gnu++14";
				CLANG_CXX_LIBRARY = "libc++";
				CLANG_ENABLE_MODULES = YES;
				CLANG_ENABLE_OBJC_ARC = YES;
				CLANG_ENABLE_OBJC_WEAK = YES;
				CLANG_WARN_BLOCK_CAPTURE_AUTORELEASING = YES;
				CLANG_WARN_BOOL_CONVERSION = YES;
				CLANG_WARN_COMMA = YES;
				CLANG_WARN_CONSTANT_CONVERSION = YES;
				CLANG_WARN_DEPRECATED_OBJC_IMPLEMENTATIONS = YES;
				CLANG_WARN_DIRECT_OBJC_ISA_USAGE = YES_ERROR;
				CLANG_WARN_DOCUMENTATION_COMMENTS = YES;
				CLANG_WARN_EMPTY_BODY = YES;
				CLANG_WARN_ENUM_CONVERSION = YES;
				CLANG_WARN_INFINITE_RECURSION = YES;
				CLANG_WARN_INT_CONVERSION = YES;
				CLANG_WARN_NON_LITERAL_NULL_CONVERSION = YES;
				CLANG_WARN_OBJC_IMPLICIT_RETAIN_SELF = YES;
				CLANG_WARN_OBJC_LITERAL_CONVERSION = YES;
				CLANG_WARN_OBJC_ROOT_CLASS = YES_ERROR;
				CLANG_WARN_RANGE_LOOP_ANALYSIS = YES;
				CLANG_WARN_STRICT_PROTOTYPES = YES;
				CLANG_WARN_SUSPICIOUS_MOVE = YES;
				CLANG_WARN_UNGUARDED_AVAILABILITY = YES_AGGRESSIVE;
				CLANG_WARN_UNREACHABLE_CODE = YES;
				CLANG_WARN__DUPLICATE_METHOD_MATCH = YES;
				CODE_SIGN_IDENTITY = "iPhone Developer";
				COPY_PHASE_STRIP = NO;
				DEBUG_INFORMATION_FORMAT = dwarf;
				ENABLE_STRICT_OBJC_MSGSEND = YES;
				ENABLE_TESTABILITY = YES;
				GCC_C_LANGUAGE_STANDARD = gnu11;
				GCC_DYNAMIC_NO_PIC = NO;
				GCC_NO_COMMON_BLOCKS = YES;
				GCC_OPTIMIZATION_LEVEL = 0;
				GCC_PREPROCESSOR_DEFINITIONS = (
					"DEBUG=1",
					"$(inherited)",
				);
				GCC_WARN_64_TO_32_BIT_CONVERSION = YES;
				GCC_WARN_ABOUT_RETURN_TYPE = YES_ERROR;
				GCC_WARN_UNDECLARED_SELECTOR = YES;
				GCC_WARN_UNINITIALIZED_AUTOS = YES_AGGRESSIVE;
				GCC_WARN_UNUSED_FUNCTION = YES;
				GCC_WARN_UNUSED_VARIABLE = YES;
				IPHONEOS_DEPLOYMENT_TARGET = 12.2;
				MTL_ENABLE_DEBUG_INFO = INCLUDE_SOURCE;
				MTL_FAST_MATH = YES;
				ONLY_ACTIVE_ARCH = YES;
				SDKROOT = iphoneos;
				SWIFT_ACTIVE_COMPILATION_CONDITIONS = DEBUG;
				SWIFT_OPTIMIZATION_LEVEL = "-Onone";
			};
			name = Debug;
		};
		D374D64F22CA107B00ACFF81 /* Release */ = {
			isa = XCBuildConfiguration;
			buildSettings = {
				ALWAYS_SEARCH_USER_PATHS = NO;
				CLANG_ANALYZER_NONNULL = YES;
				CLANG_ANALYZER_NUMBER_OBJECT_CONVERSION = YES_AGGRESSIVE;
				CLANG_CXX_LANGUAGE_STANDARD = "gnu++14";
				CLANG_CXX_LIBRARY = "libc++";
				CLANG_ENABLE_MODULES = YES;
				CLANG_ENABLE_OBJC_ARC = YES;
				CLANG_ENABLE_OBJC_WEAK = YES;
				CLANG_WARN_BLOCK_CAPTURE_AUTORELEASING = YES;
				CLANG_WARN_BOOL_CONVERSION = YES;
				CLANG_WARN_COMMA = YES;
				CLANG_WARN_CONSTANT_CONVERSION = YES;
				CLANG_WARN_DEPRECATED_OBJC_IMPLEMENTATIONS = YES;
				CLANG_WARN_DIRECT_OBJC_ISA_USAGE = YES_ERROR;
				CLANG_WARN_DOCUMENTATION_COMMENTS = YES;
				CLANG_WARN_EMPTY_BODY = YES;
				CLANG_WARN_ENUM_CONVERSION = YES;
				CLANG_WARN_INFINITE_RECURSION = YES;
				CLANG_WARN_INT_CONVERSION = YES;
				CLANG_WARN_NON_LITERAL_NULL_CONVERSION = YES;
				CLANG_WARN_OBJC_IMPLICIT_RETAIN_SELF = YES;
				CLANG_WARN_OBJC_LITERAL_CONVERSION = YES;
				CLANG_WARN_OBJC_ROOT_CLASS = YES_ERROR;
				CLANG_WARN_RANGE_LOOP_ANALYSIS = YES;
				CLANG_WARN_STRICT_PROTOTYPES = YES;
				CLANG_WARN_SUSPICIOUS_MOVE = YES;
				CLANG_WARN_UNGUARDED_AVAILABILITY = YES_AGGRESSIVE;
				CLANG_WARN_UNREACHABLE_CODE = YES;
				CLANG_WARN__DUPLICATE_METHOD_MATCH = YES;
				CODE_SIGN_IDENTITY = "iPhone Developer";
				COPY_PHASE_STRIP = NO;
				DEBUG_INFORMATION_FORMAT = "dwarf-with-dsym";
				ENABLE_NS_ASSERTIONS = NO;
				ENABLE_STRICT_OBJC_MSGSEND = YES;
				GCC_C_LANGUAGE_STANDARD = gnu11;
				GCC_NO_COMMON_BLOCKS = YES;
				GCC_WARN_64_TO_32_BIT_CONVERSION = YES;
				GCC_WARN_ABOUT_RETURN_TYPE = YES_ERROR;
				GCC_WARN_UNDECLARED_SELECTOR = YES;
				GCC_WARN_UNINITIALIZED_AUTOS = YES_AGGRESSIVE;
				GCC_WARN_UNUSED_FUNCTION = YES;
				GCC_WARN_UNUSED_VARIABLE = YES;
				IPHONEOS_DEPLOYMENT_TARGET = 12.2;
				MTL_ENABLE_DEBUG_INFO = NO;
				MTL_FAST_MATH = YES;
				SDKROOT = iphoneos;
				SWIFT_COMPILATION_MODE = wholemodule;
				SWIFT_OPTIMIZATION_LEVEL = "-O";
				VALIDATE_PRODUCT = YES;
			};
			name = Release;
		};
		D374D65122CA107B00ACFF81 /* Debug */ = {
			isa = XCBuildConfiguration;
			buildSettings = {
				ASSETCATALOG_COMPILER_APPICON_NAME = AppIcon;
				CODE_SIGN_STYLE = Automatic;
				INFOPLIST_FILE = "$(SRCROOT)/RabbleWabble/Resources/Info.plist";
				LD_RUNPATH_SEARCH_PATHS = (
					"$(inherited)",
					"@executable_path/Frameworks",
				);
				PRODUCT_BUNDLE_IDENTIFIER = com.weslie.RabbleWabble;
				PRODUCT_NAME = "$(TARGET_NAME)";
				SWIFT_VERSION = 5.0;
				TARGETED_DEVICE_FAMILY = "1,2";
			};
			name = Debug;
		};
		D374D65222CA107B00ACFF81 /* Release */ = {
			isa = XCBuildConfiguration;
			buildSettings = {
				ASSETCATALOG_COMPILER_APPICON_NAME = AppIcon;
				CODE_SIGN_STYLE = Automatic;
				INFOPLIST_FILE = "$(SRCROOT)/RabbleWabble/Resources/Info.plist";
				LD_RUNPATH_SEARCH_PATHS = (
					"$(inherited)",
					"@executable_path/Frameworks",
				);
				PRODUCT_BUNDLE_IDENTIFIER = com.weslie.RabbleWabble;
				PRODUCT_NAME = "$(TARGET_NAME)";
				SWIFT_VERSION = 5.0;
				TARGETED_DEVICE_FAMILY = "1,2";
			};
			name = Release;
		};
/* End XCBuildConfiguration section */

/* Begin XCConfigurationList section */
		D374D63922CA107A00ACFF81 /* Build configuration list for PBXProject "RabbleWabble" */ = {
			isa = XCConfigurationList;
			buildConfigurations = (
				D374D64E22CA107B00ACFF81 /* Debug */,
				D374D64F22CA107B00ACFF81 /* Release */,
			);
			defaultConfigurationIsVisible = 0;
			defaultConfigurationName = Release;
		};
		D374D65022CA107B00ACFF81 /* Build configuration list for PBXNativeTarget "RabbleWabble" */ = {
			isa = XCConfigurationList;
			buildConfigurations = (
				D374D65122CA107B00ACFF81 /* Debug */,
				D374D65222CA107B00ACFF81 /* Release */,
			);
			defaultConfigurationIsVisible = 0;
			defaultConfigurationName = Release;
		};
/* End XCConfigurationList section */
	};
	rootObject = D374D63622CA107A00ACFF81 /* Project object */;
}
